
Microsoft Visual Studio Solution File, Format Version 12.00
# Visual Studio Version 17
VisualStudioVersion = 17.5.33627.172
MinimumVisualStudioVersion = 10.0.40219.1
Project("{FAE04EC0-301F-11D3-BF4B-00C04F79EFBC}") = "PickRandomCards", "PickRandomCards\PickRandomCards.csproj", "{F2FE2238-C2A2-4BBA-B130-7BA839FC8510}"
EndProject
Global
	GlobalSection(SolutionConfigurationPlatforms) = preSolution
		Debug|Any CPU = Debug|Any CPU
		Release|Any CPU = Release|Any CPU
	EndGlobalSection
	GlobalSection(ProjectConfigurationPlatforms) = postSolution
		{F2FE2238-C2A2-4BBA-B130-7BA839FC8510}.Debug|Any CPU.ActiveCfg = Debug|Any CPU
		{F2FE2238-C2A2-4BBA-B130-7BA839FC8510}.Debug|Any CPU.Build.0 = Debug|Any CPU
		{F2FE2238-C2A2-4BBA-B130-7BA839FC8510}.Release|Any CPU.ActiveCfg = Release|Any CPU
		{F2FE2238-C2A2-4BBA-B130-7BA839FC8510}.Release|Any CPU.Build.0 = Release|Any CPU
	EndGlobalSection
	GlobalSection(SolutionProperties) = preSolution
		HideSolutionNode = FALSE
	EndGlobalSection
	GlobalSection(ExtensibilityGlobals) = postSolution
		SolutionGuid = {D3168734-B677-4D1A-91DC-3688413F7791}
	EndGlobalSection
EndGlobal
